
Microsoft Visual Studio Solution File, Format Version 12.00
# Visual Studio 15
Project("{FAE04EC0-301F-11D3-BF4B-00C04F79EFBC}") = "Assembly-CSharp", "Assembly-CSharp.csproj", "{395FF858-85F3-D8CE-A6FC-AD06AF3A2F4B}"
EndProject
Project("{FAE04EC0-301F-11D3-BF4B-00C04F79EFBC}") = "Assembly-CSharp-Editor", "Assembly-CSharp-Editor.csproj", "{DF28ADBC-CEAC-99AC-365B-C9468E0DFDC0}"
EndProject
Global
	GlobalSection(SolutionConfigurationPlatforms) = preSolution
		Debug|Any CPU = Debug|Any CPU
		Release|Any CPU = Release|Any CPU
	EndGlobalSection
	GlobalSection(ProjectConfigurationPlatforms) = postSolution
		{395FF858-85F3-D8CE-A6FC-AD06AF3A2F4B}.Debug|Any CPU.ActiveCfg = Debug|Any CPU
		{395FF858-85F3-D8CE-A6FC-AD06AF3A2F4B}.Debug|Any CPU.Build.0 = Debug|Any CPU
		{395FF858-85F3-D8CE-A6FC-AD06AF3A2F4B}.Release|Any CPU.ActiveCfg = Release|Any CPU
		{395FF858-85F3-D8CE-A6FC-AD06AF3A2F4B}.Release|Any CPU.Build.0 = Release|Any CPU
		{DF28ADBC-CEAC-99AC-365B-C9468E0DFDC0}.Debug|Any CPU.ActiveCfg = Debug|Any CPU
		{DF28ADBC-CEAC-99AC-365B-C9468E0DFDC0}.Debug|Any CPU.Build.0 = Debug|Any CPU
		{DF28ADBC-CEAC-99AC-365B-C9468E0DFDC0}.Release|Any CPU.ActiveCfg = Release|Any CPU
		{DF28ADBC-CEAC-99AC-365B-C9468E0DFDC0}.Release|Any CPU.Build.0 = Release|Any CPU
	EndGlobalSection
	GlobalSection(SolutionProperties) = preSolution
		HideSolutionNode = FALSE
	EndGlobalSection
EndGlobal
